{
  "name": "zylora",
  "version": "3.0.0",
  "lockfileVersion": 3,
  "requires": true,
  "packages": {
    "": {
      "name": "zylora",
      "version": "3.0.0",
      "workspaces": [
        "apps/web",
        "packages/ui"
      ]
    },
    "apps/web": {
      "name": "@zylora/web",
      "version": "3.0.0",
      "extraneous": true,
      "dependencies": {
        "next": "16.2.10",
        "react": "19.2.7",
        "react-dom": "19.2.7",
        "zod": "3.25.76"
      },
      "devDependencies": {
        "@playwright/test": "1.61.1",
        "@testing-library/jest-dom": "6.9.1",
        "@testing-library/react": "16.3.2",
        "@types/node": "26.1.1",
        "@types/react": "19.2.17",
        "@types/react-dom": "19.2.3",
        "@vitejs/plugin-react": "4.7.0",
        "eslint": "9.39.5",
        "eslint-config-next": "16.2.10",
        "jsdom": "26.1.0",
        "typescript": "6.0.3",
        "vitest": "3.2.7"
      }
    },
    "node_modules/@zylora/ui": {
      "resolved": "packages/ui",
      "link": true
    },
    "packages/ui": {
      "name": "@zylora/ui",
      "version": "2.0.0"
    }
  }
}
